PODS:
  - daily_motion_player_flutter_interface (0.0.1):
    - Flutter
  - Flutter (1.0.0)
  - integration_test (0.0.1):
    - Flutter

DEPENDENCIES:
  - daily_motion_player_flutter_interface (from `.symlinks/plugins/daily_motion_player_flutter_interface/ios`)
  - Flutter (from `Flutter`)
  - integration_test (from `.symlinks/plugins/integration_test/ios`)

EXTERNAL SOURCES:
  daily_motion_player_flutter_interface:
    :path: ".symlinks/plugins/daily_motion_player_flutter_interface/ios"
  Flutter:
    :path: Flutter
  integration_test:
    :path: ".symlinks/plugins/integration_test/ios"

SPEC CHECKSUMS:
  daily_motion_player_flutter_interface: 6ff82d8fe8c3fed55886314675c27d7f56eae46a
  Flutter: e0871f40cf51350855a761d2e70bf5af5b9b5de7
  integration_test: 4a889634ef21a45d28d50d622cf412dc6d9f586e

PODFILE CHECKSUM: a069421faf45dcc91b123e23f83667dcb67d58e0

COCOAPODS: 1.16.2
